
Microsoft Visual Studio Solution File, Format Version 11.00
# Visual Studio 2010
Project("{F184B08F-C81C-45F6-A57F-5ABD9991F28F}") = "samp", "samp.vbproj", "{2F220BA6-B52E-4A7C-A0B5-B1BDAEE74F88}"
EndProject
Global
	GlobalSection(SolutionConfigurationPlatforms) = preSolution
		Debug|Any CPU = Debug|Any CPU
		Release|Any CPU = Release|Any CPU
	EndGlobalSection
	GlobalSection(ProjectConfigurationPlatforms) = postSolution
		{2F220BA6-B52E-4A7C-A0B5-B1BDAEE74F88}.Debug|Any CPU.ActiveCfg = Debug|Any CPU
		{2F220BA6-B52E-4A7C-A0B5-B1BDAEE74F88}.Debug|Any CPU.Build.0 = Debug|Any CPU
		{2F220BA6-B52E-4A7C-A0B5-B1BDAEE74F88}.Release|Any CPU.ActiveCfg = Release|Any CPU
		{2F220BA6-B52E-4A7C-A0B5-B1BDAEE74F88}.Release|Any CPU.Build.0 = Release|Any CPU
	EndGlobalSection
	GlobalSection(SolutionProperties) = preSolution
		HideSolutionNode = FALSE
	EndGlobalSection
EndGlobal
